
Microsoft Visual Studio Solution File, Format Version 12.00
# Visual Studio Version 17
VisualStudioVersion = 17.0.32126.317
MinimumVisualStudioVersion = 10.0.40219.1
Project("{FAE04EC0-301F-11D3-BF4B-00C04F79EFBC}") = "ADO_Stok_App", "ADO_Stok_App\ADO_Stok_App.csproj", "{2AB9446F-8FAC-4A0B-BF1B-8E963B7DF2B7}"
EndProject
Global
	GlobalSection(SolutionConfigurationPlatforms) = preSolution
		Debug|Any CPU = Debug|Any CPU
		Release|Any CPU = Release|Any CPU
	EndGlobalSection
	GlobalSection(ProjectConfigurationPlatforms) = postSolution
		{2AB9446F-8FAC-4A0B-BF1B-8E963B7DF2B7}.Debug|Any CPU.ActiveCfg = Debug|Any CPU
		{2AB9446F-8FAC-4A0B-BF1B-8E963B7DF2B7}.Debug|Any CPU.Build.0 = Debug|Any CPU
		{2AB9446F-8FAC-4A0B-BF1B-8E963B7DF2B7}.Release|Any CPU.ActiveCfg = Release|Any CPU
		{2AB9446F-8FAC-4A0B-BF1B-8E963B7DF2B7}.Release|Any CPU.Build.0 = Release|Any CPU
	EndGlobalSection
	GlobalSection(SolutionProperties) = preSolution
		HideSolutionNode = FALSE
	EndGlobalSection
	GlobalSection(ExtensibilityGlobals) = postSolution
		SolutionGuid = {B7B34238-50FF-4570-9FAA-F1CB6AD58B3E}
	EndGlobalSection
EndGlobal
